
Microsoft Visual Studio Solution File, Format Version 12.00
# Visual Studio Version 17
VisualStudioVersion = 17.0.31903.59
MinimumVisualStudioVersion = 10.0.40219.1
Project("{FAE04EC0-301F-11D3-BF4B-00C04F79EFBC}") = "dotnet", "dotnet.csproj", "{8AB89C96-6B5A-46B5-A5F2-447936204EDE}"
EndProject
Project("{FAE04EC0-301F-11D3-BF4B-00C04F79EFBC}") = "Tests", "Tests\Tests.csproj", "{5A9796F5-9099-4B95-AAB3-CB02019DB229}"
EndProject
Global
	GlobalSection(SolutionConfigurationPlatforms) = preSolution
		Debug|Any CPU = Debug|Any CPU
		Release|Any CPU = Release|Any CPU
	EndGlobalSection
	GlobalSection(SolutionProperties) = preSolution
		HideSolutionNode = FALSE
	EndGlobalSection
	GlobalSection(ProjectConfigurationPlatforms) = postSolution
		{8AB89C96-6B5A-46B5-A5F2-447936204EDE}.Debug|Any CPU.ActiveCfg = Debug|Any CPU
		{8AB89C96-6B5A-46B5-A5F2-447936204EDE}.Debug|Any CPU.Build.0 = Debug|Any CPU
		{8AB89C96-6B5A-46B5-A5F2-447936204EDE}.Release|Any CPU.ActiveCfg = Release|Any CPU
		{8AB89C96-6B5A-46B5-A5F2-447936204EDE}.Release|Any CPU.Build.0 = Release|Any CPU
		{5A9796F5-9099-4B95-AAB3-CB02019DB229}.Debug|Any CPU.ActiveCfg = Debug|Any CPU
		{5A9796F5-9099-4B95-AAB3-CB02019DB229}.Debug|Any CPU.Build.0 = Debug|Any CPU
		{5A9796F5-9099-4B95-AAB3-CB02019DB229}.Release|Any CPU.ActiveCfg = Release|Any CPU
		{5A9796F5-9099-4B95-AAB3-CB02019DB229}.Release|Any CPU.Build.0 = Release|Any CPU
	EndGlobalSection
EndGlobal
